
Microsoft Visual Studio Solution File, Format Version 12.00
# Visual Studio Version 16
VisualStudioVersion = 16.0.31613.86
MinimumVisualStudioVersion = 10.0.40219.1
Project("{FAE04EC0-301F-11D3-BF4B-00C04F79EFBC}") = "BLAST", "HERO Motion Profile Example2\BLAST.csproj", "{633FF5F4-9B6A-472B-8025-39532312B1F9}"
EndProject
Global
	GlobalSection(SolutionConfigurationPlatforms) = preSolution
		Debug|Any CPU = Debug|Any CPU
		Release|Any CPU = Release|Any CPU
	EndGlobalSection
	GlobalSection(ProjectConfigurationPlatforms) = postSolution
		{633FF5F4-9B6A-472B-8025-39532312B1F9}.Debug|Any CPU.ActiveCfg = Debug|Any CPU
		{633FF5F4-9B6A-472B-8025-39532312B1F9}.Debug|Any CPU.Build.0 = Debug|Any CPU
		{633FF5F4-9B6A-472B-8025-39532312B1F9}.Debug|Any CPU.Deploy.0 = Debug|Any CPU
		{633FF5F4-9B6A-472B-8025-39532312B1F9}.Release|Any CPU.ActiveCfg = Release|Any CPU
		{633FF5F4-9B6A-472B-8025-39532312B1F9}.Release|Any CPU.Build.0 = Release|Any CPU
		{633FF5F4-9B6A-472B-8025-39532312B1F9}.Release|Any CPU.Deploy.0 = Release|Any CPU
	EndGlobalSection
	GlobalSection(SolutionProperties) = preSolution
		HideSolutionNode = FALSE
	EndGlobalSection
	GlobalSection(ExtensibilityGlobals) = postSolution
		SolutionGuid = {871E9B45-4820-4DC6-BA80-0C4AC6D97A59}
	EndGlobalSection
EndGlobal
